Microsoft Visual Studio Solution File, Format Version 12.00
# Visual Studio Version 17
VisualStudioVersion = 17.5.2.0
MinimumVisualStudioVersion = 10.0.40219.1
Project("{2150E333-8FDC-42A3-9474-1A3956D46DE8}") = "RazorPages", "RazorPages", "{0CC8BD27-52C0-28F1-0E36-52635884747A}"
EndProject
Project("{FAE04EC0-301F-11D3-BF4B-00C04F79EFBC}") = "RazorPagesMovie", "RazorPages\RazorPagesMovie\RazorPagesMovie.csproj", "{DDD1087E-0D83-E276-B692-9635AA0C6204}"
EndProject
Global
	GlobalSection(SolutionConfigurationPlatforms) = preSolution
		Debug|Any CPU = Debug|Any CPU
		Release|Any CPU = Release|Any CPU
	EndGlobalSection
	GlobalSection(ProjectConfigurationPlatforms) = postSolution
		{DDD1087E-0D83-E276-B692-9635AA0C6204}.Debug|Any CPU.ActiveCfg = Debug|Any CPU
		{DDD1087E-0D83-E276-B692-9635AA0C6204}.Debug|Any CPU.Build.0 = Debug|Any CPU
		{DDD1087E-0D83-E276-B692-9635AA0C6204}.Release|Any CPU.ActiveCfg = Release|Any CPU
		{DDD1087E-0D83-E276-B692-9635AA0C6204}.Release|Any CPU.Build.0 = Release|Any CPU
	EndGlobalSection
	GlobalSection(SolutionProperties) = preSolution
		HideSolutionNode = FALSE
	EndGlobalSection
	GlobalSection(NestedProjects) = preSolution
		{DDD1087E-0D83-E276-B692-9635AA0C6204} = {0CC8BD27-52C0-28F1-0E36-52635884747A}
	EndGlobalSection
	GlobalSection(ExtensibilityGlobals) = postSolution
		SolutionGuid = {B5BBA8B6-B410-4D6E-B008-0AD5B5DBA7FA}
	EndGlobalSection
EndGlobal
